<?xml version="1.0" encoding="utf-8"?>
<!--
xmake version 2.8.6+HEAD.211710b67

  This file is auto generated by xmake.

  Please DO NOT EDIT since all your modification will lost after re-generation.
  See https://github.com/xmake-io/xmake/pull/472 for more infomation.
-->
<Project ToolsVersion="4.0" xmlns="http://schemas.microsoft.com/developer/msbuild/2003">
  <ItemGroup>
    <Filter Include="Properties">
      <UniqueIdentifier>{CC7C6180-942D-056E-3227-E6A2B3FB19CD}</UniqueIdentifier>
    </Filter>
    <Filter Include="include">
      <UniqueIdentifier>{04CCF0D3-2EF0-416E-960B-AE7879D46B6B}</UniqueIdentifier>
    </Filter>
    <Filter Include="include\CoreAPI">
      <UniqueIdentifier>{FEE55E5E-C1BF-4173-923C-62BC4B8B3099}</UniqueIdentifier>
    </Filter>
    <Filter Include="include\CoreAPI\Objects">
      <UniqueIdentifier>{9AAD8ED4-BFAD-4A3C-9396-DDFD914CE4E8}</UniqueIdentifier>
    </Filter>
    <Filter Include="include\CoreAPI\Templates">
      <UniqueIdentifier>{7335D0EE-8B29-42C0-B287-7959EA6E6294}</UniqueIdentifier>
    </Filter>
    <Filter Include="include\Reflection">
      <UniqueIdentifier>{AFBFB042-D5FE-4AE1-BA12-9276F0391544}</UniqueIdentifier>
    </Filter>
    <Filter Include="include\Reflection\Function">
      <UniqueIdentifier>{CE046739-BD32-4A75-8683-7FC98C2D64D1}</UniqueIdentifier>
    </Filter>
    <Filter Include="include\Reflection\Property">
      <UniqueIdentifier>{C03DDD60-2C82-49E7-BE9E-CB784FC70B9D}</UniqueIdentifier>
    </Filter>
    <Filter Include="src">
      <UniqueIdentifier>{491FBF00-292E-479F-8C8F-7A2AC045023A}</UniqueIdentifier>
    </Filter>
    <Filter Include="src\CoreAPI">
      <UniqueIdentifier>{488C7CF2-3E08-485C-A29A-1C727C7393BA}</UniqueIdentifier>
    </Filter>
    <Filter Include="src\CoreAPI\Objects">
      <UniqueIdentifier>{317CC9F3-1824-40C5-A68F-A80FB253FDF9}</UniqueIdentifier>
    </Filter>
    <Filter Include="src\Reflection">
      <UniqueIdentifier>{31E33D68-D401-4757-8037-45EFABDBBF4F}</UniqueIdentifier>
    </Filter>
    <Filter Include="src\Reflection\Property">
      <UniqueIdentifier>{2E7E7CB7-0A8B-462C-ABBE-6057C57E3442}</UniqueIdentifier>
    </Filter>

  </ItemGroup>
  <ItemGroup>
    <None Include="$(MSBuildProjectDirectory)\Xmake.Custom.props">
      <Filter>Properties</Filter>
    </None>
    <None Include="$(MSBuildProjectDirectory)\Xmake.Custom.targets">
      <Filter>Properties</Filter>
    </None>
    <None Include="$(MSBuildProjectDirectory)\Xmake.Custom.items">
      <Filter>Properties</Filter>
    </None>
    <None Include="$(MSBuildProjectDirectory)\Xmake.Custom.items.filters">
      <Filter>Properties</Filter>
    </None>
    <None Include="$(XmakeScriptDir)\xmake.lua">
      <Filter>Properties</Filter>
    </None>
  </ItemGroup>
  <ItemGroup>
    <ClInclude Include="$(XmakeProjectDir)\Engine\VCore\include\BinarySerializer.h">
      <Filter>include</Filter>
    </ClInclude>
    <ClInclude Include="$(XmakeProjectDir)\Engine\VCore\include\CoreAPI\Globals.h">
      <Filter>include\CoreAPI</Filter>
    </ClInclude>
    <ClInclude Include="$(XmakeProjectDir)\Engine\VCore\include\CoreAPI\IRegistry.h">
      <Filter>include\CoreAPI</Filter>
    </ClInclude>
    <ClInclude Include="$(XmakeProjectDir)\Engine\VCore\include\CoreAPI\Memory.h">
      <Filter>include\CoreAPI</Filter>
    </ClInclude>
    <ClInclude Include="$(XmakeProjectDir)\Engine\VCore\include\CoreAPI\ObjectRegistry.h">
      <Filter>include\CoreAPI</Filter>
    </ClInclude>
    <ClInclude Include="$(XmakeProjectDir)\Engine\VCore\include\CoreAPI\Objects\Names.h">
      <Filter>include\CoreAPI\Objects</Filter>
    </ClInclude>
    <ClInclude Include="$(XmakeProjectDir)\Engine\VCore\include\CoreAPI\Templates\AlignTemplates.h">
      <Filter>include\CoreAPI\Templates</Filter>
    </ClInclude>
    <ClInclude Include="$(XmakeProjectDir)\Engine\VCore\include\CoreAPI\Templates\IntegralTemplates.h">
      <Filter>include\CoreAPI\Templates</Filter>
    </ClInclude>
    <ClInclude Include="$(XmakeProjectDir)\Engine\VCore\include\CoreAPI\Templates\PointerTemplates.h">
      <Filter>include\CoreAPI\Templates</Filter>
    </ClInclude>
    <ClInclude Include="$(XmakeProjectDir)\Engine\VCore\include\CoreAPI\Types.h">
      <Filter>include\CoreAPI</Filter>
    </ClInclude>
    <ClInclude Include="$(XmakeProjectDir)\Engine\VCore\include\CoreAPI\VCore.h">
      <Filter>include\CoreAPI</Filter>
    </ClInclude>
    <ClInclude Include="$(XmakeProjectDir)\Engine\VCore\include\CoreAPI\VRenderer.h">
      <Filter>include\CoreAPI</Filter>
    </ClInclude>
    <ClInclude Include="$(XmakeProjectDir)\Engine\VCore\include\CoreAPI\VSurface.h">
      <Filter>include\CoreAPI</Filter>
    </ClInclude>
    <ClInclude Include="$(XmakeProjectDir)\Engine\VCore\include\CoreAPI\VTexture.h">
      <Filter>include\CoreAPI</Filter>
    </ClInclude>
    <ClInclude Include="$(XmakeProjectDir)\Engine\VCore\include\CoreAPI\VWindow.h">
      <Filter>include\CoreAPI</Filter>
    </ClInclude>
    <ClInclude Include="$(XmakeProjectDir)\Engine\VCore\include\CoreAPI\precomp.h">
      <Filter>include\CoreAPI</Filter>
    </ClInclude>
    <ClInclude Include="$(XmakeProjectDir)\Engine\VCore\include\Enums.h">
      <Filter>include</Filter>
    </ClInclude>
    <ClInclude Include="$(XmakeProjectDir)\Engine\VCore\include\EventTrigger.h">
      <Filter>include</Filter>
    </ClInclude>
    <ClInclude Include="$(XmakeProjectDir)\Engine\VCore\include\JsonSerializer.h">
      <Filter>include</Filter>
    </ClInclude>
    <ClInclude Include="$(XmakeProjectDir)\Engine\VCore\include\LogRedirectBuffer.h">
      <Filter>include</Filter>
    </ClInclude>
    <ClInclude Include="$(XmakeProjectDir)\Engine\VCore\include\LogSystem.h">
      <Filter>include</Filter>
    </ClInclude>
    <ClInclude Include="$(XmakeProjectDir)\Engine\VCore\include\Reflection\Function\FunctionUtils.h">
      <Filter>include\Reflection\Function</Filter>
    </ClInclude>
    <ClInclude Include="$(XmakeProjectDir)\Engine\VCore\include\Reflection\Function\VFunction.h">
      <Filter>include\Reflection\Function</Filter>
    </ClInclude>
    <ClInclude Include="$(XmakeProjectDir)\Engine\VCore\include\Reflection\Function\VFunctionBase.h">
      <Filter>include\Reflection\Function</Filter>
    </ClInclude>
    <ClInclude Include="$(XmakeProjectDir)\Engine\VCore\include\Reflection\Function\VStaticFunction.h">
      <Filter>include\Reflection\Function</Filter>
    </ClInclude>
    <ClInclude Include="$(XmakeProjectDir)\Engine\VCore\include\Reflection\ObjectManager.h">
      <Filter>include\Reflection</Filter>
    </ClInclude>
    <ClInclude Include="$(XmakeProjectDir)\Engine\VCore\include\Reflection\Property\VArrayProperty.h">
      <Filter>include\Reflection\Property</Filter>
    </ClInclude>
    <ClInclude Include="$(XmakeProjectDir)\Engine\VCore\include\Reflection\Property\VBoolProperty.h">
      <Filter>include\Reflection\Property</Filter>
    </ClInclude>
    <ClInclude Include="$(XmakeProjectDir)\Engine\VCore\include\Reflection\Property\VDoubleProperty.h">
      <Filter>include\Reflection\Property</Filter>
    </ClInclude>
    <ClInclude Include="$(XmakeProjectDir)\Engine\VCore\include\Reflection\Property\VEnumProperty.h">
      <Filter>include\Reflection\Property</Filter>
    </ClInclude>
    <ClInclude Include="$(XmakeProjectDir)\Engine\VCore\include\Reflection\Property\VFloatProperty.h">
      <Filter>include\Reflection\Property</Filter>
    </ClInclude>
    <ClInclude Include="$(XmakeProjectDir)\Engine\VCore\include\Reflection\Property\VNumericProperty.h">
      <Filter>include\Reflection\Property</Filter>
    </ClInclude>
    <ClInclude Include="$(XmakeProjectDir)\Engine\VCore\include\Reflection\Property\VProperty.h">
      <Filter>include\Reflection\Property</Filter>
    </ClInclude>
    <ClInclude Include="$(XmakeProjectDir)\Engine\VCore\include\Reflection\Property\VStringProperty.h">
      <Filter>include\Reflection\Property</Filter>
    </ClInclude>
    <ClInclude Include="$(XmakeProjectDir)\Engine\VCore\include\Reflection\Property\VStructProperty.h">
      <Filter>include\Reflection\Property</Filter>
    </ClInclude>
    <ClInclude Include="$(XmakeProjectDir)\Engine\VCore\include\Reflection\ReflectionBase.h">
      <Filter>include\Reflection</Filter>
    </ClInclude>
    <ClInclude Include="$(XmakeProjectDir)\Engine\VCore\include\Reflection\ReflectionCore.h">
      <Filter>include\Reflection</Filter>
    </ClInclude>
    <ClInclude Include="$(XmakeProjectDir)\Engine\VCore\include\Reflection\VClass.h">
      <Filter>include\Reflection</Filter>
    </ClInclude>
    <ClInclude Include="$(XmakeProjectDir)\Engine\VCore\include\Reflection\VEnum.h">
      <Filter>include\Reflection</Filter>
    </ClInclude>
    <ClInclude Include="$(XmakeProjectDir)\Engine\VCore\include\Reflection\VField.h">
      <Filter>include\Reflection</Filter>
    </ClInclude>
    <ClInclude Include="$(XmakeProjectDir)\Engine\VCore\include\Reflection\VInterface.h">
      <Filter>include\Reflection</Filter>
    </ClInclude>
    <ClInclude Include="$(XmakeProjectDir)\Engine\VCore\include\Reflection\VMacros.h">
      <Filter>include\Reflection</Filter>
    </ClInclude>
    <ClInclude Include="$(XmakeProjectDir)\Engine\VCore\include\Reflection\VObject.h">
      <Filter>include\Reflection</Filter>
    </ClInclude>
    <ClInclude Include="$(XmakeProjectDir)\Engine\VCore\include\Reflection\VObjectContext.h">
      <Filter>include\Reflection</Filter>
    </ClInclude>
    <ClInclude Include="$(XmakeProjectDir)\Engine\VCore\include\Reflection\VScruct.h">
      <Filter>include\Reflection</Filter>
    </ClInclude>
    <ClInclude Include="$(XmakeProjectDir)\Engine\VCore\include\TVector.h">
      <Filter>include</Filter>
    </ClInclude>
    <ClInclude Include="$(XmakeProjectDir)\Engine\VCore\include\VCast.h">
      <Filter>include</Filter>
    </ClInclude>
    <ClInclude Include="$(XmakeProjectDir)\Engine\VCore\include\VTime.h">
      <Filter>include</Filter>
    </ClInclude>


  </ItemGroup>
  <ItemGroup>

    <ClCompile Include="$(XmakeProjectDir)\Engine\VCore\src\CoreAPI\Globals.cpp">
      <Filter>src\CoreAPI</Filter>
    </ClCompile>
    <ClCompile Include="$(XmakeProjectDir)\Engine\VCore\src\CoreAPI\Objects\Names.cpp">
      <Filter>src\CoreAPI\Objects</Filter>
    </ClCompile>
    <ClCompile Include="$(XmakeProjectDir)\Engine\VCore\src\CoreAPI\VCore.cpp">
      <Filter>src\CoreAPI</Filter>
    </ClCompile>
    <ClCompile Include="$(XmakeProjectDir)\Engine\VCore\src\CoreAPI\VRenderer.cpp">
      <Filter>src\CoreAPI</Filter>
    </ClCompile>
    <ClCompile Include="$(XmakeProjectDir)\Engine\VCore\src\CoreAPI\VSurface.cpp">
      <Filter>src\CoreAPI</Filter>
    </ClCompile>
    <ClCompile Include="$(XmakeProjectDir)\Engine\VCore\src\CoreAPI\VTexture.cpp">
      <Filter>src\CoreAPI</Filter>
    </ClCompile>
    <ClCompile Include="$(XmakeProjectDir)\Engine\VCore\src\CoreAPI\VWindow.cpp">
      <Filter>src\CoreAPI</Filter>
    </ClCompile>
    <ClCompile Include="$(XmakeProjectDir)\Engine\VCore\src\LogSystem.cpp">
      <Filter>src</Filter>
    </ClCompile>
    <ClCompile Include="$(XmakeProjectDir)\Engine\VCore\src\Reflection\ObjectManager.cpp">
      <Filter>src\Reflection</Filter>
    </ClCompile>
    <ClCompile Include="$(XmakeProjectDir)\Engine\VCore\src\Reflection\Property\VNumericProperty.cpp">
      <Filter>src\Reflection\Property</Filter>
    </ClCompile>
    <ClCompile Include="$(XmakeProjectDir)\Engine\VCore\src\Reflection\Property\VProperty.cpp">
      <Filter>src\Reflection\Property</Filter>
    </ClCompile>
    <ClCompile Include="$(XmakeProjectDir)\Engine\VCore\src\Reflection\ReflectionBase.cpp">
      <Filter>src\Reflection</Filter>
    </ClCompile>
    <ClCompile Include="$(XmakeProjectDir)\Engine\VCore\src\Reflection\VClass.cpp">
      <Filter>src\Reflection</Filter>
    </ClCompile>
    <ClCompile Include="$(XmakeProjectDir)\Engine\VCore\src\Reflection\VEnum.cpp">
      <Filter>src\Reflection</Filter>
    </ClCompile>
    <ClCompile Include="$(XmakeProjectDir)\Engine\VCore\src\Reflection\VField.cpp">
      <Filter>src\Reflection</Filter>
    </ClCompile>
    <ClCompile Include="$(XmakeProjectDir)\Engine\VCore\src\Reflection\VObject.cpp">
      <Filter>src\Reflection</Filter>
    </ClCompile>
    <ClCompile Include="$(XmakeProjectDir)\Engine\VCore\src\VTime.cpp">
      <Filter>src</Filter>
    </ClCompile>



  </ItemGroup>
  <ItemGroup>

  </ItemGroup>
  <ItemGroup>


  </ItemGroup>
  <Import Condition="Exists('$(MSBuildThisFileDirectory)\Xmake.Custom.files.filters')"
    Project="$(MSBuildThisFileDirectory)\Xmake.Custom.files.filters" />
</Project>
