<?xml version="1.0" encoding="utf-8"?>
<!--
xmake version 2.8.6+HEAD.211710b67

  This file is auto generated by xmake.

  Please DO NOT EDIT since all your modification will lost after re-generation.
  See https://github.com/xmake-io/xmake/pull/472 for more infomation.
-->
<Project ToolsVersion="4.0" xmlns="http://schemas.microsoft.com/developer/msbuild/2003">
  <ItemGroup>
    <Filter Include="Properties">
      <UniqueIdentifier>{CC7C6180-942D-056E-3227-E6A2B3FB19CD}</UniqueIdentifier>
    </Filter>
    <Filter Include="..">
      <UniqueIdentifier>{8E361016-0635-41C8-85BF-79EC268BD6C0}</UniqueIdentifier>
    </Filter>
    <Filter Include="..\Intermediate">
      <UniqueIdentifier>{3D79FA35-A5EE-4534-B29C-730F3147F778}</UniqueIdentifier>
    </Filter>
    <Filter Include="..\Intermediate\Generated">
      <UniqueIdentifier>{D5240A35-4C3E-42B0-BB57-8E615E89401E}</UniqueIdentifier>
    </Filter>
    <Filter Include="..\Intermediate\Generated\VUI">
      <UniqueIdentifier>{26E42F86-4DAA-413C-92B8-03F46009F479}</UniqueIdentifier>
    </Filter>
    <Filter Include="include">
      <UniqueIdentifier>{04CCF0D3-2EF0-416E-960B-AE7879D46B6B}</UniqueIdentifier>
    </Filter>
    <Filter Include="include\Entries">
      <UniqueIdentifier>{CFB6AA0C-35BF-42F3-BEFE-602E9AC0452A}</UniqueIdentifier>
    </Filter>
    <Filter Include="include\Renderables">
      <UniqueIdentifier>{47EF1B89-8E50-461A-ABFA-0E32CE09604A}</UniqueIdentifier>
    </Filter>
    <Filter Include="include\Requests">
      <UniqueIdentifier>{E27EA672-278F-4B7E-8526-0B9BCE1389BE}</UniqueIdentifier>
    </Filter>
    <Filter Include="include\Requests\ImportRequestDatas">
      <UniqueIdentifier>{179CAB60-1BBE-41F9-9FF7-6FC19F67502E}</UniqueIdentifier>
    </Filter>
    <Filter Include="include\providers">
      <UniqueIdentifier>{CFF71533-1F75-4285-B90A-1668EB4F3487}</UniqueIdentifier>
    </Filter>
    <Filter Include="src">
      <UniqueIdentifier>{491FBF00-292E-479F-8C8F-7A2AC045023A}</UniqueIdentifier>
    </Filter>
    <Filter Include="src\Entries">
      <UniqueIdentifier>{AAF23AE1-2A08-47D7-9CCD-51A1855D4B07}</UniqueIdentifier>
    </Filter>
    <Filter Include="src\Renderables">
      <UniqueIdentifier>{46895922-5C0E-4E32-BCCE-35F72804B180}</UniqueIdentifier>
    </Filter>

  </ItemGroup>
  <ItemGroup>
    <None Include="$(MSBuildProjectDirectory)\Xmake.Custom.props">
      <Filter>Properties</Filter>
    </None>
    <None Include="$(MSBuildProjectDirectory)\Xmake.Custom.targets">
      <Filter>Properties</Filter>
    </None>
    <None Include="$(MSBuildProjectDirectory)\Xmake.Custom.items">
      <Filter>Properties</Filter>
    </None>
    <None Include="$(MSBuildProjectDirectory)\Xmake.Custom.items.filters">
      <Filter>Properties</Filter>
    </None>
    <None Include="$(XmakeScriptDir)\xmake.lua">
      <Filter>Properties</Filter>
    </None>
  </ItemGroup>
  <ItemGroup>
    <ClInclude Include="$(XmakeProjectDir)\Engine\VUI\include\Binding.h">
      <Filter>include</Filter>
    </ClInclude>
    <ClInclude Include="$(XmakeProjectDir)\Engine\VUI\include\ConsoleCommandSystem.h">
      <Filter>include</Filter>
    </ClInclude>
    <ClInclude Include="$(XmakeProjectDir)\Engine\VUI\include\EditorContext.h">
      <Filter>include</Filter>
    </ClInclude>
    <ClInclude Include="$(XmakeProjectDir)\Engine\VUI\include\Entries\ComboBoolEntry.h">
      <Filter>include\Entries</Filter>
    </ClInclude>
    <ClInclude Include="$(XmakeProjectDir)\Engine\VUI\include\Entries\ComboEntry.h">
      <Filter>include\Entries</Filter>
    </ClInclude>
    <ClInclude Include="$(XmakeProjectDir)\Engine\VUI\include\Entries\Entry.h">
      <Filter>include\Entries</Filter>
    </ClInclude>
    <ClInclude Include="$(XmakeProjectDir)\Engine\VUI\include\Entries\HeaderEntry.h">
      <Filter>include\Entries</Filter>
    </ClInclude>
    <ClInclude Include="$(XmakeProjectDir)\Engine\VUI\include\Entries\TreeEntry.h">
      <Filter>include\Entries</Filter>
    </ClInclude>
    <ClInclude Include="$(XmakeProjectDir)\Engine\VUI\include\Layout.h">
      <Filter>include</Filter>
    </ClInclude>
    <ClInclude Include="$(XmakeProjectDir)\Engine\VUI\include\Renderables\VUIButton.h">
      <Filter>include\Renderables</Filter>
    </ClInclude>
    <ClInclude Include="$(XmakeProjectDir)\Engine\VUI\include\Renderables\VUICheckbox.h">
      <Filter>include\Renderables</Filter>
    </ClInclude>
    <ClInclude Include="$(XmakeProjectDir)\Engine\VUI\include\Renderables\VUICombo.h">
      <Filter>include\Renderables</Filter>
    </ClInclude>
    <ClInclude Include="$(XmakeProjectDir)\Engine\VUI\include\Renderables\VUIFactory.h">
      <Filter>include\Renderables</Filter>
    </ClInclude>
    <ClInclude Include="$(XmakeProjectDir)\Engine\VUI\include\Renderables\VUIFlagCheckbox.h">
      <Filter>include\Renderables</Filter>
    </ClInclude>
    <ClInclude Include="$(XmakeProjectDir)\Engine\VUI\include\Renderables\VUIGrid.h">
      <Filter>include\Renderables</Filter>
    </ClInclude>
    <ClInclude Include="$(XmakeProjectDir)\Engine\VUI\include\Renderables\VUIHeader.h">
      <Filter>include\Renderables</Filter>
    </ClInclude>
    <ClInclude Include="$(XmakeProjectDir)\Engine\VUI\include\Renderables\VUIInputText.h">
      <Filter>include\Renderables</Filter>
    </ClInclude>
    <ClInclude Include="$(XmakeProjectDir)\Engine\VUI\include\Renderables\VUILogger.h">
      <Filter>include\Renderables</Filter>
    </ClInclude>
    <ClInclude Include="$(XmakeProjectDir)\Engine\VUI\include\Renderables\VUIRenderable.h">
      <Filter>include\Renderables</Filter>
    </ClInclude>
    <ClInclude Include="$(XmakeProjectDir)\Engine\VUI\include\Renderables\VUISeparator.h">
      <Filter>include\Renderables</Filter>
    </ClInclude>
    <ClInclude Include="$(XmakeProjectDir)\Engine\VUI\include\Renderables\VUIText.h">
      <Filter>include\Renderables</Filter>
    </ClInclude>
    <ClInclude Include="$(XmakeProjectDir)\Engine\VUI\include\Renderables\VUITextureButton.h">
      <Filter>include\Renderables</Filter>
    </ClInclude>
    <ClInclude Include="$(XmakeProjectDir)\Engine\VUI\include\Renderables\VUITree.h">
      <Filter>include\Renderables</Filter>
    </ClInclude>
    <ClInclude Include="$(XmakeProjectDir)\Engine\VUI\include\Requests\IRequestRenderer.h">
      <Filter>include\Requests</Filter>
    </ClInclude>
    <ClInclude Include="$(XmakeProjectDir)\Engine\VUI\include\Requests\ImportAssetRenderer.h">
      <Filter>include\Requests</Filter>
    </ClInclude>
    <ClInclude Include="$(XmakeProjectDir)\Engine\VUI\include\Requests\ImportRequestDatas\ImportData.h">
      <Filter>include\Requests\ImportRequestDatas</Filter>
    </ClInclude>
    <ClInclude Include="$(XmakeProjectDir)\Engine\VUI\include\Requests\ImportRequestDatas\SpriteImportData.h">
      <Filter>include\Requests\ImportRequestDatas</Filter>
    </ClInclude>
    <ClInclude Include="$(XmakeProjectDir)\Engine\VUI\include\Requests\UIRequest.h">
      <Filter>include\Requests</Filter>
    </ClInclude>
    <ClInclude Include="$(XmakeProjectDir)\Engine\VUI\include\Requests\UIRequestRenderer.h">
      <Filter>include\Requests</Filter>
    </ClInclude>
    <ClInclude Include="$(XmakeProjectDir)\Engine\VUI\include\Requests\UIRequests.h">
      <Filter>include\Requests</Filter>
    </ClInclude>
    <ClInclude Include="$(XmakeProjectDir)\Engine\VUI\include\ThemeAsset.h">
      <Filter>include</Filter>
    </ClInclude>
    <ClInclude Include="$(XmakeProjectDir)\Engine\VUI\include\ThemeHandler.h">
      <Filter>include</Filter>
    </ClInclude>
    <ClInclude Include="$(XmakeProjectDir)\Engine\VUI\include\UIUtils.h">
      <Filter>include</Filter>
    </ClInclude>
    <ClInclude Include="$(XmakeProjectDir)\Engine\VUI\include\VUIElement.h">
      <Filter>include</Filter>
    </ClInclude>
    <ClInclude Include="$(XmakeProjectDir)\Engine\VUI\include\VUIHelper.h">
      <Filter>include</Filter>
    </ClInclude>
    <ClInclude Include="$(XmakeProjectDir)\Engine\VUI\include\VUIWindow.h">
      <Filter>include</Filter>
    </ClInclude>
    <ClInclude Include="$(XmakeProjectDir)\Engine\VUI\include\providers\IAssetIconProvider.h">
      <Filter>include\providers</Filter>
    </ClInclude>
    <ClInclude Include="$(XmakeProjectDir)\Engine\VUI\include\providers\ITreeIconProvider.h">
      <Filter>include\providers</Filter>
    </ClInclude>


  </ItemGroup>
  <ItemGroup>

    <ClCompile Include="$(XmakeProjectDir)\Engine\VUI\src\ConsoleCommandSystem.cpp">
      <Filter>src</Filter>
    </ClCompile>
    <ClCompile Include="$(XmakeProjectDir)\Engine\VUI\src\EditorContext.cpp">
      <Filter>src</Filter>
    </ClCompile>
    <ClCompile Include="$(XmakeProjectDir)\Engine\VUI\src\Entries\ComboEntry.cpp">
      <Filter>src\Entries</Filter>
    </ClCompile>
    <ClCompile Include="$(XmakeProjectDir)\Engine\VUI\src\Layout.cpp">
      <Filter>src</Filter>
    </ClCompile>
    <ClCompile Include="$(XmakeProjectDir)\Engine\VUI\src\Renderables\VUIButton.cpp">
      <Filter>src\Renderables</Filter>
    </ClCompile>
    <ClCompile Include="$(XmakeProjectDir)\Engine\VUI\src\Renderables\VUICheckbox.cpp">
      <Filter>src\Renderables</Filter>
    </ClCompile>
    <ClCompile Include="$(XmakeProjectDir)\Engine\VUI\src\Renderables\VUICombo.cpp">
      <Filter>src\Renderables</Filter>
    </ClCompile>
    <ClCompile Include="$(XmakeProjectDir)\Engine\VUI\src\Renderables\VUIFactory.cpp">
      <Filter>src\Renderables</Filter>
    </ClCompile>
    <ClCompile Include="$(XmakeProjectDir)\Engine\VUI\src\Renderables\VUIFlagCheckbox.cpp">
      <Filter>src\Renderables</Filter>
    </ClCompile>
    <ClCompile Include="$(XmakeProjectDir)\Engine\VUI\src\Renderables\VUIGrid.cpp">
      <Filter>src\Renderables</Filter>
    </ClCompile>
    <ClCompile Include="$(XmakeProjectDir)\Engine\VUI\src\Renderables\VUIHeader.cpp">
      <Filter>src\Renderables</Filter>
    </ClCompile>
    <ClCompile Include="$(XmakeProjectDir)\Engine\VUI\src\Renderables\VUIInputText.cpp">
      <Filter>src\Renderables</Filter>
    </ClCompile>
    <ClCompile Include="$(XmakeProjectDir)\Engine\VUI\src\Renderables\VUILogger.cpp">
      <Filter>src\Renderables</Filter>
    </ClCompile>
    <ClCompile Include="$(XmakeProjectDir)\Engine\VUI\src\Renderables\VUISeparator.cpp">
      <Filter>src\Renderables</Filter>
    </ClCompile>
    <ClCompile Include="$(XmakeProjectDir)\Engine\VUI\src\Renderables\VUIText.cpp">
      <Filter>src\Renderables</Filter>
    </ClCompile>
    <ClCompile Include="$(XmakeProjectDir)\Engine\VUI\src\Renderables\VUITextureButton.cpp">
      <Filter>src\Renderables</Filter>
    </ClCompile>
    <ClCompile Include="$(XmakeProjectDir)\Engine\VUI\src\Renderables\VUITree.cpp">
      <Filter>src\Renderables</Filter>
    </ClCompile>
    <ClCompile Include="$(XmakeProjectDir)\Engine\VUI\src\ThemeAsset.cpp">
      <Filter>src</Filter>
    </ClCompile>
    <ClCompile Include="$(XmakeProjectDir)\Engine\VUI\src\ThemeHandler.cpp">
      <Filter>src</Filter>
    </ClCompile>
    <ClCompile Include="$(XmakeProjectDir)\Engine\VUI\src\UIUtils.cpp">
      <Filter>src</Filter>
    </ClCompile>
    <ClCompile Include="$(XmakeProjectDir)\Engine\VUI\src\VUIHelper.cpp">
      <Filter>src</Filter>
    </ClCompile>
    <ClCompile Include="$(XmakeProjectDir)\Engine\VUI\src\VUIWindow.cpp">
      <Filter>src</Filter>
    </ClCompile>
    <ClCompile Include="$(XmakeProjectDir)\Intermediate\Generated\VUI\ComboBoolEntry.gen.cpp">
      <Filter>..\Intermediate\Generated\VUI</Filter>
    </ClCompile>
    <ClCompile Include="$(XmakeProjectDir)\Intermediate\Generated\VUI\ComboEntry.gen.cpp">
      <Filter>..\Intermediate\Generated\VUI</Filter>
    </ClCompile>
    <ClCompile Include="$(XmakeProjectDir)\Intermediate\Generated\VUI\EditorContext.gen.cpp">
      <Filter>..\Intermediate\Generated\VUI</Filter>
    </ClCompile>
    <ClCompile Include="$(XmakeProjectDir)\Intermediate\Generated\VUI\Entry.gen.cpp">
      <Filter>..\Intermediate\Generated\VUI</Filter>
    </ClCompile>
    <ClCompile Include="$(XmakeProjectDir)\Intermediate\Generated\VUI\HeaderEntry.gen.cpp">
      <Filter>..\Intermediate\Generated\VUI</Filter>
    </ClCompile>
    <ClCompile Include="$(XmakeProjectDir)\Intermediate\Generated\VUI\ImportData.gen.cpp">
      <Filter>..\Intermediate\Generated\VUI</Filter>
    </ClCompile>
    <ClCompile Include="$(XmakeProjectDir)\Intermediate\Generated\VUI\SpriteImportData.gen.cpp">
      <Filter>..\Intermediate\Generated\VUI</Filter>
    </ClCompile>
    <ClCompile Include="$(XmakeProjectDir)\Intermediate\Generated\VUI\ThemeAsset.gen.cpp">
      <Filter>..\Intermediate\Generated\VUI</Filter>
    </ClCompile>
    <ClCompile Include="$(XmakeProjectDir)\Intermediate\Generated\VUI\TreeEntry.gen.cpp">
      <Filter>..\Intermediate\Generated\VUI</Filter>
    </ClCompile>



  </ItemGroup>
  <ItemGroup>

  </ItemGroup>
  <ItemGroup>


  </ItemGroup>
  <Import Condition="Exists('$(MSBuildThisFileDirectory)\Xmake.Custom.files.filters')"
    Project="$(MSBuildThisFileDirectory)\Xmake.Custom.files.filters" />
</Project>
