<?xml version="1.0" encoding="utf-8"?>
<!--
xmake version 2.8.6+HEAD.211710b67

  This file is auto generated by xmake.

  Please DO NOT EDIT since all your modification will lost after re-generation.
  See https://github.com/xmake-io/xmake/pull/472 for more infomation.
-->
<Project ToolsVersion="4.0" xmlns="http://schemas.microsoft.com/developer/msbuild/2003">
  <ItemGroup>
    <Filter Include="Properties">
      <UniqueIdentifier>{CC7C6180-942D-056E-3227-E6A2B3FB19CD}</UniqueIdentifier>
    </Filter>
    <Filter Include="include">
      <UniqueIdentifier>{04CCF0D3-2EF0-416E-960B-AE7879D46B6B}</UniqueIdentifier>
    </Filter>
    <Filter Include="include\CodeGen">
      <UniqueIdentifier>{62F1E8E4-04E7-4C43-9417-922329E12E8B}</UniqueIdentifier>
    </Filter>
    <Filter Include="include\Parser">
      <UniqueIdentifier>{4341754E-68B1-4EB2-86C2-CCD0C56F15D3}</UniqueIdentifier>
    </Filter>
    <Filter Include="include\Scanner">
      <UniqueIdentifier>{FD289594-74EB-48D5-867A-33B3368F2DD6}</UniqueIdentifier>
    </Filter>
    <Filter Include="src">
      <UniqueIdentifier>{491FBF00-292E-479F-8C8F-7A2AC045023A}</UniqueIdentifier>
    </Filter>
    <Filter Include="src\CodeGen">
      <UniqueIdentifier>{CA444C1D-9C2D-4084-B44E-4B785000FDC2}</UniqueIdentifier>
    </Filter>
    <Filter Include="src\Parser">
      <UniqueIdentifier>{3851921E-53DA-4897-AD5D-D4FECC8FF2D1}</UniqueIdentifier>
    </Filter>
    <Filter Include="src\Scanner">
      <UniqueIdentifier>{7F864DFC-078E-4344-9B13-E72D1F1C80E0}</UniqueIdentifier>
    </Filter>

  </ItemGroup>
  <ItemGroup>
    <None Include="$(MSBuildProjectDirectory)\Xmake.Custom.props">
      <Filter>Properties</Filter>
    </None>
    <None Include="$(MSBuildProjectDirectory)\Xmake.Custom.targets">
      <Filter>Properties</Filter>
    </None>
    <None Include="$(MSBuildProjectDirectory)\Xmake.Custom.items">
      <Filter>Properties</Filter>
    </None>
    <None Include="$(MSBuildProjectDirectory)\Xmake.Custom.items.filters">
      <Filter>Properties</Filter>
    </None>
    <None Include="$(XmakeScriptDir)\xmake.lua">
      <Filter>Properties</Filter>
    </None>
  </ItemGroup>
  <ItemGroup>
    <ClInclude Include="$(XmakeProjectDir)\Tools\VHT\include\CodeGen\CodeGenCpp.h">
      <Filter>include\CodeGen</Filter>
    </ClInclude>
    <ClInclude Include="$(XmakeProjectDir)\Tools\VHT\include\CodeGen\CodeGenHeader.h">
      <Filter>include\CodeGen</Filter>
    </ClInclude>
    <ClInclude Include="$(XmakeProjectDir)\Tools\VHT\include\FileUtils.h">
      <Filter>include</Filter>
    </ClInclude>
    <ClInclude Include="$(XmakeProjectDir)\Tools\VHT\include\Model.h">
      <Filter>include</Filter>
    </ClInclude>
    <ClInclude Include="$(XmakeProjectDir)\Tools\VHT\include\Parser\ClassParser.h">
      <Filter>include\Parser</Filter>
    </ClInclude>
    <ClInclude Include="$(XmakeProjectDir)\Tools\VHT\include\Parser\EnumParser.h">
      <Filter>include\Parser</Filter>
    </ClInclude>
    <ClInclude Include="$(XmakeProjectDir)\Tools\VHT\include\Parser\FunctionParser.h">
      <Filter>include\Parser</Filter>
    </ClInclude>
    <ClInclude Include="$(XmakeProjectDir)\Tools\VHT\include\Parser\Parser.h">
      <Filter>include\Parser</Filter>
    </ClInclude>
    <ClInclude Include="$(XmakeProjectDir)\Tools\VHT\include\Parser\PropertyParser.h">
      <Filter>include\Parser</Filter>
    </ClInclude>
    <ClInclude Include="$(XmakeProjectDir)\Tools\VHT\include\Parser\StructParser.h">
      <Filter>include\Parser</Filter>
    </ClInclude>
    <ClInclude Include="$(XmakeProjectDir)\Tools\VHT\include\Parser\Utils.h">
      <Filter>include\Parser</Filter>
    </ClInclude>
    <ClInclude Include="$(XmakeProjectDir)\Tools\VHT\include\Scanner\Scanner.h">
      <Filter>include\Scanner</Filter>
    </ClInclude>


  </ItemGroup>
  <ItemGroup>

    <ClCompile Include="$(XmakeProjectDir)\Tools\VHT\src\CodeGen\CodeGenCpp.cpp">
      <Filter>src\CodeGen</Filter>
    </ClCompile>
    <ClCompile Include="$(XmakeProjectDir)\Tools\VHT\src\CodeGen\CodeGenHeader.cpp">
      <Filter>src\CodeGen</Filter>
    </ClCompile>
    <ClCompile Include="$(XmakeProjectDir)\Tools\VHT\src\FileUtils.cpp">
      <Filter>src</Filter>
    </ClCompile>
    <ClCompile Include="$(XmakeProjectDir)\Tools\VHT\src\Parser\ClassParser.cpp">
      <Filter>src\Parser</Filter>
    </ClCompile>
    <ClCompile Include="$(XmakeProjectDir)\Tools\VHT\src\Parser\EnumParser.cpp">
      <Filter>src\Parser</Filter>
    </ClCompile>
    <ClCompile Include="$(XmakeProjectDir)\Tools\VHT\src\Parser\FunctionParser.cpp">
      <Filter>src\Parser</Filter>
    </ClCompile>
    <ClCompile Include="$(XmakeProjectDir)\Tools\VHT\src\Parser\Parser.cpp">
      <Filter>src\Parser</Filter>
    </ClCompile>
    <ClCompile Include="$(XmakeProjectDir)\Tools\VHT\src\Parser\PropertyParser.cpp">
      <Filter>src\Parser</Filter>
    </ClCompile>
    <ClCompile Include="$(XmakeProjectDir)\Tools\VHT\src\Parser\StructParser.cpp">
      <Filter>src\Parser</Filter>
    </ClCompile>
    <ClCompile Include="$(XmakeProjectDir)\Tools\VHT\src\Parser\Utils.cpp">
      <Filter>src\Parser</Filter>
    </ClCompile>
    <ClCompile Include="$(XmakeProjectDir)\Tools\VHT\src\Scanner\Scanner.cpp">
      <Filter>src\Scanner</Filter>
    </ClCompile>
    <ClCompile Include="$(XmakeProjectDir)\Tools\VHT\src\main.cpp">
      <Filter>src</Filter>
    </ClCompile>



  </ItemGroup>
  <ItemGroup>

  </ItemGroup>
  <ItemGroup>


  </ItemGroup>
  <Import Condition="Exists('$(MSBuildThisFileDirectory)\Xmake.Custom.files.filters')"
    Project="$(MSBuildThisFileDirectory)\Xmake.Custom.files.filters" />
</Project>
