<?xml version="1.0" encoding="utf-8"?>
<!--
xmake version 2.8.6+HEAD.211710b67

  This file is auto generated by xmake.

  Please DO NOT EDIT since all your modification will lost after re-generation.
  See https://github.com/xmake-io/xmake/pull/472 for more infomation.
-->
<Project ToolsVersion="4.0" xmlns="http://schemas.microsoft.com/developer/msbuild/2003">
  <ItemGroup>
    <Filter Include="Properties">
      <UniqueIdentifier>{CC7C6180-942D-056E-3227-E6A2B3FB19CD}</UniqueIdentifier>
    </Filter>
    <Filter Include="..">
      <UniqueIdentifier>{8E361016-0635-41C8-85BF-79EC268BD6C0}</UniqueIdentifier>
    </Filter>
    <Filter Include="..\Intermediate">
      <UniqueIdentifier>{3D79FA35-A5EE-4534-B29C-730F3147F778}</UniqueIdentifier>
    </Filter>
    <Filter Include="..\Intermediate\Generated">
      <UniqueIdentifier>{D5240A35-4C3E-42B0-BB57-8E615E89401E}</UniqueIdentifier>
    </Filter>
    <Filter Include="..\Intermediate\Generated\VulcanEngine">
      <UniqueIdentifier>{69280FBB-A557-46DA-BB7B-2E2E5642015F}</UniqueIdentifier>
    </Filter>
    <Filter Include="..\Intermediate\Generated\VulcanEngine\Resources">
      <UniqueIdentifier>{F970B728-9178-48EE-A845-7C3B01AB0F84}</UniqueIdentifier>
    </Filter>
    <Filter Include="include">
      <UniqueIdentifier>{04CCF0D3-2EF0-416E-960B-AE7879D46B6B}</UniqueIdentifier>
    </Filter>
    <Filter Include="include\Vulcan">
      <UniqueIdentifier>{C67E1BF6-65F0-493B-83C3-36A47817E333}</UniqueIdentifier>
    </Filter>
    <Filter Include="include\Vulcan\Actions">
      <UniqueIdentifier>{992DAC04-428F-45AD-844B-1BA91BC19C3E}</UniqueIdentifier>
    </Filter>
    <Filter Include="include\Vulcan\Components">
      <UniqueIdentifier>{7D6C1FE5-1377-4200-A5A6-CE49D9A98FC4}</UniqueIdentifier>
    </Filter>
    <Filter Include="include\Vulcan\Handlers">
      <UniqueIdentifier>{965EE985-4844-44AB-A4A4-D6D5120EA965}</UniqueIdentifier>
    </Filter>
    <Filter Include="include\Vulcan\Systems">
      <UniqueIdentifier>{8CE8EF10-EEE0-496A-B4A5-32933F0A0E39}</UniqueIdentifier>
    </Filter>
    <Filter Include="include\Vulcan\Types">
      <UniqueIdentifier>{EF1456D6-A6A6-482E-9A5C-C149D3C72CFB}</UniqueIdentifier>
    </Filter>
    <Filter Include="include\Vulcan\Types\Assets">
      <UniqueIdentifier>{3F801381-ACCC-4C76-A127-1CCDFDC1177D}</UniqueIdentifier>
    </Filter>
    <Filter Include="src">
      <UniqueIdentifier>{491FBF00-292E-479F-8C8F-7A2AC045023A}</UniqueIdentifier>
    </Filter>
    <Filter Include="src\Vulcan">
      <UniqueIdentifier>{A872AA89-1D96-40C4-AA2E-81AA7350B12D}</UniqueIdentifier>
    </Filter>
    <Filter Include="src\Vulcan\Actions">
      <UniqueIdentifier>{CECBF2A1-438B-435F-8E63-433BC9530A6E}</UniqueIdentifier>
    </Filter>
    <Filter Include="src\Vulcan\Components">
      <UniqueIdentifier>{BB13644F-5170-4C0C-97A8-77E73D952A44}</UniqueIdentifier>
    </Filter>
    <Filter Include="src\Vulcan\Handlers">
      <UniqueIdentifier>{BDF1B79D-47C1-40E9-8F6D-7F52F28CF5BA}</UniqueIdentifier>
    </Filter>
    <Filter Include="src\Vulcan\Systems">
      <UniqueIdentifier>{37A4A34E-276A-4D98-B790-1AF532C9DCC6}</UniqueIdentifier>
    </Filter>
    <Filter Include="src\Vulcan\Types">
      <UniqueIdentifier>{ADC8F0D0-E64E-4841-80AB-A6973B77FE0E}</UniqueIdentifier>
    </Filter>
    <Filter Include="src\Vulcan\Types\Assets">
      <UniqueIdentifier>{22C6EA19-4EE1-4AC0-86CD-D61216FC4DD2}</UniqueIdentifier>
    </Filter>

  </ItemGroup>
  <ItemGroup>
    <None Include="$(MSBuildProjectDirectory)\Xmake.Custom.props">
      <Filter>Properties</Filter>
    </None>
    <None Include="$(MSBuildProjectDirectory)\Xmake.Custom.targets">
      <Filter>Properties</Filter>
    </None>
    <None Include="$(MSBuildProjectDirectory)\Xmake.Custom.items">
      <Filter>Properties</Filter>
    </None>
    <None Include="$(MSBuildProjectDirectory)\Xmake.Custom.items.filters">
      <Filter>Properties</Filter>
    </None>
    <None Include="$(XmakeScriptDir)\xmake.lua">
      <Filter>Properties</Filter>
    </None>
  </ItemGroup>
  <ItemGroup>
    <ClInclude Include="$(XmakeProjectDir)\Engine\VulcanEngine\include\Vulcan\Actions\AssetsAction.h">
      <Filter>include\Vulcan\Actions</Filter>
    </ClInclude>
    <ClInclude Include="$(XmakeProjectDir)\Engine\VulcanEngine\include\Vulcan\Actions\FolderAction.h">
      <Filter>include\Vulcan\Actions</Filter>
    </ClInclude>
    <ClInclude Include="$(XmakeProjectDir)\Engine\VulcanEngine\include\Vulcan\Actions\IEngineAction.h">
      <Filter>include\Vulcan\Actions</Filter>
    </ClInclude>
    <ClInclude Include="$(XmakeProjectDir)\Engine\VulcanEngine\include\Vulcan\Components\AnimationComponent.h">
      <Filter>include\Vulcan\Components</Filter>
    </ClInclude>
    <ClInclude Include="$(XmakeProjectDir)\Engine\VulcanEngine\include\Vulcan\Components\CameraComponent.h">
      <Filter>include\Vulcan\Components</Filter>
    </ClInclude>
    <ClInclude Include="$(XmakeProjectDir)\Engine\VulcanEngine\include\Vulcan\Components\ComponentRegistry.h">
      <Filter>include\Vulcan\Components</Filter>
    </ClInclude>
    <ClInclude Include="$(XmakeProjectDir)\Engine\VulcanEngine\include\Vulcan\Components\NameComponent.h">
      <Filter>include\Vulcan\Components</Filter>
    </ClInclude>
    <ClInclude Include="$(XmakeProjectDir)\Engine\VulcanEngine\include\Vulcan\Components\RenderComponent.h">
      <Filter>include\Vulcan\Components</Filter>
    </ClInclude>
    <ClInclude Include="$(XmakeProjectDir)\Engine\VulcanEngine\include\Vulcan\Components\Transform.h">
      <Filter>include\Vulcan\Components</Filter>
    </ClInclude>
    <ClInclude Include="$(XmakeProjectDir)\Engine\VulcanEngine\include\Vulcan\Components\VComponent.h">
      <Filter>include\Vulcan\Components</Filter>
    </ClInclude>
    <ClInclude Include="$(XmakeProjectDir)\Engine\VulcanEngine\include\Vulcan\Entity.h">
      <Filter>include\Vulcan</Filter>
    </ClInclude>
    <ClInclude Include="$(XmakeProjectDir)\Engine\VulcanEngine\include\Vulcan\Export.h">
      <Filter>include\Vulcan</Filter>
    </ClInclude>
    <ClInclude Include="$(XmakeProjectDir)\Engine\VulcanEngine\include\Vulcan\Game.h">
      <Filter>include\Vulcan</Filter>
    </ClInclude>
    <ClInclude Include="$(XmakeProjectDir)\Engine\VulcanEngine\include\Vulcan\Handlers\IAssetHandler.h">
      <Filter>include\Vulcan\Handlers</Filter>
    </ClInclude>
    <ClInclude Include="$(XmakeProjectDir)\Engine\VulcanEngine\include\Vulcan\Handlers\SceneHandler.h">
      <Filter>include\Vulcan\Handlers</Filter>
    </ClInclude>
    <ClInclude Include="$(XmakeProjectDir)\Engine\VulcanEngine\include\Vulcan\Handlers\SpriteAssetHandler.h">
      <Filter>include\Vulcan\Handlers</Filter>
    </ClInclude>
    <ClInclude Include="$(XmakeProjectDir)\Engine\VulcanEngine\include\Vulcan\Handlers\UIAssetHandler.h">
      <Filter>include\Vulcan\Handlers</Filter>
    </ClInclude>
    <ClInclude Include="$(XmakeProjectDir)\Engine\VulcanEngine\include\Vulcan\IRegistry.h">
      <Filter>include\Vulcan</Filter>
    </ClInclude>
    <ClInclude Include="$(XmakeProjectDir)\Engine\VulcanEngine\include\Vulcan\ImGuiRenderer.h">
      <Filter>include\Vulcan</Filter>
    </ClInclude>
    <ClInclude Include="$(XmakeProjectDir)\Engine\VulcanEngine\include\Vulcan\InputManager.h">
      <Filter>include\Vulcan</Filter>
    </ClInclude>
    <ClInclude Include="$(XmakeProjectDir)\Engine\VulcanEngine\include\Vulcan\Renderable.h">
      <Filter>include\Vulcan</Filter>
    </ClInclude>
    <ClInclude Include="$(XmakeProjectDir)\Engine\VulcanEngine\include\Vulcan\ResourceManager.h">
      <Filter>include\Vulcan</Filter>
    </ClInclude>
    <ClInclude Include="$(XmakeProjectDir)\Engine\VulcanEngine\include\Vulcan\Systems\AnimationSystem.h">
      <Filter>include\Vulcan\Systems</Filter>
    </ClInclude>
    <ClInclude Include="$(XmakeProjectDir)\Engine\VulcanEngine\include\Vulcan\Systems\EditorSystem.h">
      <Filter>include\Vulcan\Systems</Filter>
    </ClInclude>
    <ClInclude Include="$(XmakeProjectDir)\Engine\VulcanEngine\include\Vulcan\Systems\GUISystem.h">
      <Filter>include\Vulcan\Systems</Filter>
    </ClInclude>
    <ClInclude Include="$(XmakeProjectDir)\Engine\VulcanEngine\include\Vulcan\Systems\RenderSystem.h">
      <Filter>include\Vulcan\Systems</Filter>
    </ClInclude>
    <ClInclude Include="$(XmakeProjectDir)\Engine\VulcanEngine\include\Vulcan\Systems\VSystem.h">
      <Filter>include\Vulcan\Systems</Filter>
    </ClInclude>
    <ClInclude Include="$(XmakeProjectDir)\Engine\VulcanEngine\include\Vulcan\Types\Assets\AssetsManager.h">
      <Filter>include\Vulcan\Types\Assets</Filter>
    </ClInclude>
    <ClInclude Include="$(XmakeProjectDir)\Engine\VulcanEngine\include\Vulcan\Types\Assets\Scene.h">
      <Filter>include\Vulcan\Types\Assets</Filter>
    </ClInclude>
    <ClInclude Include="$(XmakeProjectDir)\Engine\VulcanEngine\include\Vulcan\Types\Assets\SpriteAsset.h">
      <Filter>include\Vulcan\Types\Assets</Filter>
    </ClInclude>
    <ClInclude Include="$(XmakeProjectDir)\Engine\VulcanEngine\include\Vulcan\Types\Assets\Spritesheet.h">
      <Filter>include\Vulcan\Types\Assets</Filter>
    </ClInclude>
    <ClInclude Include="$(XmakeProjectDir)\Engine\VulcanEngine\include\Vulcan\Types\Assets\UIAsset.h">
      <Filter>include\Vulcan\Types\Assets</Filter>
    </ClInclude>
    <ClInclude Include="$(XmakeProjectDir)\Engine\VulcanEngine\include\Vulcan\Types\Assets\VAsset.h">
      <Filter>include\Vulcan\Types\Assets</Filter>
    </ClInclude>
    <ClInclude Include="$(XmakeProjectDir)\Engine\VulcanEngine\include\Vulcan\Types\Button.h">
      <Filter>include\Vulcan\Types</Filter>
    </ClInclude>
    <ClInclude Include="$(XmakeProjectDir)\Engine\VulcanEngine\include\Vulcan\Types\VColor.h">
      <Filter>include\Vulcan\Types</Filter>
    </ClInclude>
    <ClInclude Include="$(XmakeProjectDir)\Engine\VulcanEngine\include\Vulcan\Types\VFont.h">
      <Filter>include\Vulcan\Types</Filter>
    </ClInclude>
    <ClInclude Include="$(XmakeProjectDir)\Engine\VulcanEngine\include\Vulcan\Types\VType.h">
      <Filter>include\Vulcan\Types</Filter>
    </ClInclude>
    <ClInclude Include="$(XmakeProjectDir)\Engine\VulcanEngine\include\Vulcan\VDrawHelper.h">
      <Filter>include\Vulcan</Filter>
    </ClInclude>
    <ClInclude Include="$(XmakeProjectDir)\Engine\VulcanEngine\include\Vulcan\World.h">
      <Filter>include\Vulcan</Filter>
    </ClInclude>


  </ItemGroup>
  <ItemGroup>

    <ClCompile Include="$(XmakeProjectDir)\Engine\VulcanEngine\src\Vulcan\Actions\AssetsAction.cpp">
      <Filter>src\Vulcan\Actions</Filter>
    </ClCompile>
    <ClCompile Include="$(XmakeProjectDir)\Engine\VulcanEngine\src\Vulcan\Actions\FolderAction.cpp">
      <Filter>src\Vulcan\Actions</Filter>
    </ClCompile>
    <ClCompile Include="$(XmakeProjectDir)\Engine\VulcanEngine\src\Vulcan\Components\AnimationComponent.cpp">
      <Filter>src\Vulcan\Components</Filter>
    </ClCompile>
    <ClCompile Include="$(XmakeProjectDir)\Engine\VulcanEngine\src\Vulcan\Components\CameraComponent.cpp">
      <Filter>src\Vulcan\Components</Filter>
    </ClCompile>
    <ClCompile Include="$(XmakeProjectDir)\Engine\VulcanEngine\src\Vulcan\Components\NameComponent.cpp">
      <Filter>src\Vulcan\Components</Filter>
    </ClCompile>
    <ClCompile Include="$(XmakeProjectDir)\Engine\VulcanEngine\src\Vulcan\Components\RenderComponent.cpp">
      <Filter>src\Vulcan\Components</Filter>
    </ClCompile>
    <ClCompile Include="$(XmakeProjectDir)\Engine\VulcanEngine\src\Vulcan\Components\Transform.cpp">
      <Filter>src\Vulcan\Components</Filter>
    </ClCompile>
    <ClCompile Include="$(XmakeProjectDir)\Engine\VulcanEngine\src\Vulcan\Components\VComponent.cpp">
      <Filter>src\Vulcan\Components</Filter>
    </ClCompile>
    <ClCompile Include="$(XmakeProjectDir)\Engine\VulcanEngine\src\Vulcan\Entity.cpp">
      <Filter>src\Vulcan</Filter>
    </ClCompile>
    <ClCompile Include="$(XmakeProjectDir)\Engine\VulcanEngine\src\Vulcan\Game.cpp">
      <Filter>src\Vulcan</Filter>
    </ClCompile>
    <ClCompile Include="$(XmakeProjectDir)\Engine\VulcanEngine\src\Vulcan\Handlers\IAssetHandler.cpp">
      <Filter>src\Vulcan\Handlers</Filter>
    </ClCompile>
    <ClCompile Include="$(XmakeProjectDir)\Engine\VulcanEngine\src\Vulcan\Handlers\SceneHandler.cpp">
      <Filter>src\Vulcan\Handlers</Filter>
    </ClCompile>
    <ClCompile Include="$(XmakeProjectDir)\Engine\VulcanEngine\src\Vulcan\Handlers\SpriteAssetHandler.cpp">
      <Filter>src\Vulcan\Handlers</Filter>
    </ClCompile>
    <ClCompile Include="$(XmakeProjectDir)\Engine\VulcanEngine\src\Vulcan\Handlers\UIAssetHandler.cpp">
      <Filter>src\Vulcan\Handlers</Filter>
    </ClCompile>
    <ClCompile Include="$(XmakeProjectDir)\Engine\VulcanEngine\src\Vulcan\IRegistry.cpp">
      <Filter>src\Vulcan</Filter>
    </ClCompile>
    <ClCompile Include="$(XmakeProjectDir)\Engine\VulcanEngine\src\Vulcan\ImGuiRenderer.cpp">
      <Filter>src\Vulcan</Filter>
    </ClCompile>
    <ClCompile Include="$(XmakeProjectDir)\Engine\VulcanEngine\src\Vulcan\InputManager.cpp">
      <Filter>src\Vulcan</Filter>
    </ClCompile>
    <ClCompile Include="$(XmakeProjectDir)\Engine\VulcanEngine\src\Vulcan\Renderable.cpp">
      <Filter>src\Vulcan</Filter>
    </ClCompile>
    <ClCompile Include="$(XmakeProjectDir)\Engine\VulcanEngine\src\Vulcan\ResourceManager.cpp">
      <Filter>src\Vulcan</Filter>
    </ClCompile>
    <ClCompile Include="$(XmakeProjectDir)\Engine\VulcanEngine\src\Vulcan\Systems\AnimationSystem.cpp">
      <Filter>src\Vulcan\Systems</Filter>
    </ClCompile>
    <ClCompile Include="$(XmakeProjectDir)\Engine\VulcanEngine\src\Vulcan\Systems\EditorSystem.cpp">
      <Filter>src\Vulcan\Systems</Filter>
    </ClCompile>
    <ClCompile Include="$(XmakeProjectDir)\Engine\VulcanEngine\src\Vulcan\Systems\GUISystem.cpp">
      <Filter>src\Vulcan\Systems</Filter>
    </ClCompile>
    <ClCompile Include="$(XmakeProjectDir)\Engine\VulcanEngine\src\Vulcan\Systems\RenderSystem.cpp">
      <Filter>src\Vulcan\Systems</Filter>
    </ClCompile>
    <ClCompile Include="$(XmakeProjectDir)\Engine\VulcanEngine\src\Vulcan\Systems\VSystem.cpp">
      <Filter>src\Vulcan\Systems</Filter>
    </ClCompile>
    <ClCompile Include="$(XmakeProjectDir)\Engine\VulcanEngine\src\Vulcan\Types\Assets\AssetsManager.cpp">
      <Filter>src\Vulcan\Types\Assets</Filter>
    </ClCompile>
    <ClCompile Include="$(XmakeProjectDir)\Engine\VulcanEngine\src\Vulcan\Types\Assets\Scene.cpp">
      <Filter>src\Vulcan\Types\Assets</Filter>
    </ClCompile>
    <ClCompile Include="$(XmakeProjectDir)\Engine\VulcanEngine\src\Vulcan\Types\Assets\SpriteAsset.cpp">
      <Filter>src\Vulcan\Types\Assets</Filter>
    </ClCompile>
    <ClCompile Include="$(XmakeProjectDir)\Engine\VulcanEngine\src\Vulcan\Types\Assets\Spritesheet.cpp">
      <Filter>src\Vulcan\Types\Assets</Filter>
    </ClCompile>
    <ClCompile Include="$(XmakeProjectDir)\Engine\VulcanEngine\src\Vulcan\Types\Assets\UIAsset.cpp">
      <Filter>src\Vulcan\Types\Assets</Filter>
    </ClCompile>
    <ClCompile Include="$(XmakeProjectDir)\Engine\VulcanEngine\src\Vulcan\Types\Assets\VAsset.cpp">
      <Filter>src\Vulcan\Types\Assets</Filter>
    </ClCompile>
    <ClCompile Include="$(XmakeProjectDir)\Engine\VulcanEngine\src\Vulcan\Types\Button.cpp">
      <Filter>src\Vulcan\Types</Filter>
    </ClCompile>
    <ClCompile Include="$(XmakeProjectDir)\Engine\VulcanEngine\src\Vulcan\Types\VColor.cpp">
      <Filter>src\Vulcan\Types</Filter>
    </ClCompile>
    <ClCompile Include="$(XmakeProjectDir)\Engine\VulcanEngine\src\Vulcan\Types\VFont.cpp">
      <Filter>src\Vulcan\Types</Filter>
    </ClCompile>
    <ClCompile Include="$(XmakeProjectDir)\Engine\VulcanEngine\src\Vulcan\Types\VType.cpp">
      <Filter>src\Vulcan\Types</Filter>
    </ClCompile>
    <ClCompile Include="$(XmakeProjectDir)\Engine\VulcanEngine\src\Vulcan\VDrawHelper.cpp">
      <Filter>src\Vulcan</Filter>
    </ClCompile>
    <ClCompile Include="$(XmakeProjectDir)\Engine\VulcanEngine\src\Vulcan\World.cpp">
      <Filter>src\Vulcan</Filter>
    </ClCompile>
    <ClCompile Include="$(XmakeProjectDir)\Intermediate\Generated\VulcanEngine\AnimationComponent.gen.cpp">
      <Filter>..\Intermediate\Generated\VulcanEngine</Filter>
    </ClCompile>
    <ClCompile Include="$(XmakeProjectDir)\Intermediate\Generated\VulcanEngine\AssetsManager.gen.cpp">
      <Filter>..\Intermediate\Generated\VulcanEngine</Filter>
    </ClCompile>
    <ClCompile Include="$(XmakeProjectDir)\Intermediate\Generated\VulcanEngine\CameraComponent.gen.cpp">
      <Filter>..\Intermediate\Generated\VulcanEngine</Filter>
    </ClCompile>
    <ClCompile Include="$(XmakeProjectDir)\Intermediate\Generated\VulcanEngine\Entity.gen.cpp">
      <Filter>..\Intermediate\Generated\VulcanEngine</Filter>
    </ClCompile>
    <ClCompile Include="$(XmakeProjectDir)\Intermediate\Generated\VulcanEngine\LogCategory.gen.cpp">
      <Filter>..\Intermediate\Generated\VulcanEngine</Filter>
    </ClCompile>
    <ClCompile Include="$(XmakeProjectDir)\Intermediate\Generated\VulcanEngine\NameComponent.gen.cpp">
      <Filter>..\Intermediate\Generated\VulcanEngine</Filter>
    </ClCompile>
    <ClCompile Include="$(XmakeProjectDir)\Intermediate\Generated\VulcanEngine\Resources\ResourceManager.gen.cpp">
      <Filter>..\Intermediate\Generated\VulcanEngine\Resources</Filter>
    </ClCompile>
    <ClCompile Include="$(XmakeProjectDir)\Intermediate\Generated\VulcanEngine\Scene.gen.cpp">
      <Filter>..\Intermediate\Generated\VulcanEngine</Filter>
    </ClCompile>
    <ClCompile Include="$(XmakeProjectDir)\Intermediate\Generated\VulcanEngine\SpriteAsset.gen.cpp">
      <Filter>..\Intermediate\Generated\VulcanEngine</Filter>
    </ClCompile>
    <ClCompile Include="$(XmakeProjectDir)\Intermediate\Generated\VulcanEngine\Transform.gen.cpp">
      <Filter>..\Intermediate\Generated\VulcanEngine</Filter>
    </ClCompile>
    <ClCompile Include="$(XmakeProjectDir)\Intermediate\Generated\VulcanEngine\VAsset.gen.cpp">
      <Filter>..\Intermediate\Generated\VulcanEngine</Filter>
    </ClCompile>
    <ClCompile Include="$(XmakeProjectDir)\Intermediate\Generated\VulcanEngine\VComponent.gen.cpp">
      <Filter>..\Intermediate\Generated\VulcanEngine</Filter>
    </ClCompile>
    <ClCompile Include="$(XmakeProjectDir)\Intermediate\Generated\VulcanEngine\World.gen.cpp">
      <Filter>..\Intermediate\Generated\VulcanEngine</Filter>
    </ClCompile>



  </ItemGroup>
  <ItemGroup>

  </ItemGroup>
  <ItemGroup>


  </ItemGroup>
  <Import Condition="Exists('$(MSBuildThisFileDirectory)\Xmake.Custom.files.filters')"
    Project="$(MSBuildThisFileDirectory)\Xmake.Custom.files.filters" />
</Project>
